
Microsoft Visual Studio Solution File, Format Version 12.00
# Visual Studio Version 16
VisualStudioVersion = 16.0.30524.135
MinimumVisualStudioVersion = 10.0.40219.1
Project("{9A19103F-16F7-4668-BE54-9A1E7A4F7556}") = "SimpleBlazorTooltip", "SimpleBlazorTooltip\SimpleBlazorTooltip.csproj", "{91703035-1C37-4145-8C76-F9F6E373E3FC}"
EndProject
Global
	GlobalSection(SolutionConfigurationPlatforms) = preSolution
		Debug|Any CPU = Debug|Any CPU
		Release|Any CPU = Release|Any CPU
	EndGlobalSection
	GlobalSection(ProjectConfigurationPlatforms) = postSolution
		{91703035-1C37-4145-8C76-F9F6E373E3FC}.Debug|Any CPU.ActiveCfg = Debug|Any CPU
		{91703035-1C37-4145-8C76-F9F6E373E3FC}.Debug|Any CPU.Build.0 = Debug|Any CPU
		{91703035-1C37-4145-8C76-F9F6E373E3FC}.Release|Any CPU.ActiveCfg = Release|Any CPU
		{91703035-1C37-4145-8C76-F9F6E373E3FC}.Release|Any CPU.Build.0 = Release|Any CPU
	EndGlobalSection
	GlobalSection(SolutionProperties) = preSolution
		HideSolutionNode = FALSE
	EndGlobalSection
	GlobalSection(ExtensibilityGlobals) = postSolution
		SolutionGuid = {7E9527A5-382B-41D3-8615-EF4D6BC474F6}
	EndGlobalSection
EndGlobal
